
Microsoft Visual Studio Solution File, Format Version 12.00
# Visual Studio Version 17
VisualStudioVersion = 17.8.34408.163
MinimumVisualStudioVersion = 10.0.40219.1
Project("{FAE04EC0-301F-11D3-BF4B-00C04F79EFBC}") = "UI.MVC", "UI.MVC\UI.MVC.csproj", "{B6EFD0BA-80A4-400A-8D13-7C7C56BC1EFC}"
EndProject
Global
	GlobalSection(SolutionConfigurationPlatforms) = preSolution
		Debug|Any CPU = Debug|Any CPU
		Release|Any CPU = Release|Any CPU
	EndGlobalSection
	GlobalSection(ProjectConfigurationPlatforms) = postSolution
		{B6EFD0BA-80A4-400A-8D13-7C7C56BC1EFC}.Debug|Any CPU.ActiveCfg = Debug|Any CPU
		{B6EFD0BA-80A4-400A-8D13-7C7C56BC1EFC}.Debug|Any CPU.Build.0 = Debug|Any CPU
		{B6EFD0BA-80A4-400A-8D13-7C7C56BC1EFC}.Release|Any CPU.ActiveCfg = Release|Any CPU
		{B6EFD0BA-80A4-400A-8D13-7C7C56BC1EFC}.Release|Any CPU.Build.0 = Release|Any CPU
	EndGlobalSection
	GlobalSection(SolutionProperties) = preSolution
		HideSolutionNode = FALSE
	EndGlobalSection
	GlobalSection(ExtensibilityGlobals) = postSolution
		SolutionGuid = {7FE0A497-CE3F-4511-969A-F1197E28E4DC}
	EndGlobalSection
EndGlobal
